// !$*UTF8*$!
{
	archiveVersion = 1;
	classes = {
	};
	objectVersion = 46;
	objects = {

/* Begin PBXBuildFile section */
		68BE63AE1B3F2CBA003B8930 /* AppDelegate.swift in Sources */ = {isa = PBXBuildFile; fileRef = 68BE63AD1B3F2CBA003B8930 /* AppDelegate.swift */; };
		68BE63B01B3F2CBA003B8930 /* ViewController.swift in Sources */ = {isa = PBXBuildFile; fileRef = 68BE63AF1B3F2CBA003B8930 /* ViewController.swift */; };
		68BE63B31B3F2CBA003B8930 /* Main.storyboard in Resources */ = {isa = PBXBuildFile; fileRef = 68BE63B11B3F2CBA003B8930 /* Main.storyboard */; };
		68BE63B51B3F2CBA003B8930 /* Images.xcassets in Resources */ = {isa = PBXBuildFile; fileRef = 68BE63B41B3F2CBA003B8930 /* Images.xcassets */; };
		68BE63B81B3F2CBA003B8930 /* LaunchScreen.xib in Resources */ = {isa = PBXBuildFile; fileRef = 68BE63B61B3F2CBA003B8930 /* LaunchScreen.xib */; };
		68BE63C41B3F2CBA003B8930 /* RestaurantBillTests.swift in Sources */ = {isa = PBXBuildFile; fileRef = 68BE63C31B3F2CBA003B8930 /* RestaurantBillTests.swift */; };
		68BE63CE1B404196003B8930 /* Bill.swift in Sources */ = {isa = PBXBuildFile; fileRef = 68BE63CD1B404195003B8930 /* Bill.swift */; };
/* End PBXBuildFile section */

/* Begin PBXContainerItemProxy section */
		68BE63BE1B3F2CBA003B8930 /* PBXContainerItemProxy */ = {
			isa = PBXContainerItemProxy;
			containerPortal = 68BE63A01B3F2CBA003B8930 /* Project object */;
			proxyType = 1;
			remoteGlobalIDString = 68BE63A71B3F2CBA003B8930;
			remoteInfo = RestaurantBill;
		};
/* End PBXContainerItemProxy section */

/* Begin PBXFileReference section */
		68BE63A81B3F2CBA003B8930 /* RestaurantBill.app */ = {isa = PBXFileReference; explicitFileType = wrapper.application; includeInIndex = 0; path = RestaurantBill.app; sourceTree = BUILT_PRODUCTS_DIR; };
		68BE63AC1B3F2CBA003B8930 /* Info.plist */ = {isa = PBXFileReference; lastKnownFileType = text.plist.xml; path = Info.plist; sourceTree = "<group>"; };
		68BE63AD1B3F2CBA003B8930 /* AppDelegate.swift */ = {isa = PBXFileReference; lastKnownFileType = sourcecode.swift; path = AppDelegate.swift; sourceTree = "<group>"; };
		68BE63AF1B3F2CBA003B8930 /* ViewController.swift */ = {isa = PBXFileReference; lastKnownFileType = sourcecode.swift; path = ViewController.swift; sourceTree = "<group>"; };
		68BE63B21B3F2CBA003B8930 /* Base */ = {isa = PBXFileReference; lastKnownFileType = file.storyboard; name = Base; path = Base.lproj/Main.storyboard; sourceTree = "<group>"; };
		68BE63B41B3F2CBA003B8930 /* Images.xcassets */ = {isa = PBXFileReference; lastKnownFileType = folder.assetcatalog; path = Images.xcassets; sourceTree = "<group>"; };
		68BE63B71B3F2CBA003B8930 /* Base */ = {isa = PBXFileReference; lastKnownFileType = file.xib; name = Base; path = Base.lproj/LaunchScreen.xib; sourceTree = "<group>"; };
		68BE63BD1B3F2CBA003B8930 /* RestaurantBillTests.xctest */ = {isa = PBXFileReference; explicitFileType = wrapper.cfbundle; includeInIndex = 0; path = RestaurantBillTests.xctest; sourceTree = BUILT_PRODUCTS_DIR; };
		68BE63C21B3F2CBA003B8930 /* Info.plist */ = {isa = PBXFileReference; lastKnownFileType = text.plist.xml; path = Info.plist; sourceTree = "<group>"; };
		68BE63C31B3F2CBA003B8930 /* RestaurantBillTests.swift */ = {isa = PBXFileReference; lastKnownFileType = sourcecode.swift; path = RestaurantBillTests.swift; sourceTree = "<group>"; };
		68BE63CD1B404195003B8930 /* Bill.swift */ = {isa = PBXFileReference; fileEncoding = 4; lastKnownFileType = sourcecode.swift; path = Bill.swift; sourceTree = "<group>"; };
/* End PBXFileReference section */

/* Begin PBXFrameworksBuildPhase section */
		68BE63A51B3F2CBA003B8930 /* Frameworks */ = {
			isa = PBXFrameworksBuildPhase;
			buildActionMask = 2147483647;
			files = (
			);
			runOnlyForDeploymentPostprocessing = 0;
		};
		68BE63BA1B3F2CBA003B8930 /* Frameworks */ = {
			isa = PBXFrameworksBuildPhase;
			buildActionMask = 2147483647;
			files = (
			);
			runOnlyForDeploymentPostprocessing = 0;
		};
/* End PBXFrameworksBuildPhase section */

/* Begin PBXGroup section */
		68BE639F1B3F2CBA003B8930 = {
			isa = PBXGroup;
			children = (
				68BE63AA1B3F2CBA003B8930 /* RestaurantBill */,
				68BE63C01B3F2CBA003B8930 /* RestaurantBillTests */,
				68BE63A91B3F2CBA003B8930 /* Products */,
			);
			sourceTree = "<group>";
		};
		68BE63A91B3F2CBA003B8930 /* Products */ = {
			isa = PBXGroup;
			children = (
				68BE63A81B3F2CBA003B8930 /* RestaurantBill.app */,
				68BE63BD1B3F2CBA003B8930 /* RestaurantBillTests.xctest */,
			);
			name = Products;
			sourceTree = "<group>";
		};
		68BE63AA1B3F2CBA003B8930 /* RestaurantBill */ = {
			isa = PBXGroup;
			children = (
				68BE63AD1B3F2CBA003B8930 /* AppDelegate.swift */,
				68BE63AF1B3F2CBA003B8930 /* ViewController.swift */,
				68BE63B11B3F2CBA003B8930 /* Main.storyboard */,
				68BE63CD1B404195003B8930 /* Bill.swift */,
				68BE63B41B3F2CBA003B8930 /* Images.xcassets */,
				68BE63B61B3F2CBA003B8930 /* LaunchScreen.xib */,
				68BE63AB1B3F2CBA003B8930 /* Supporting Files */,
			);
			path = RestaurantBill;
			sourceTree = "<group>";
		};
		68BE63AB1B3F2CBA003B8930 /* Supporting Files */ = {
			isa = PBXGroup;
			children = (
				68BE63AC1B3F2CBA003B8930 /* Info.plist */,
			);
			name = "Supporting Files";
			sourceTree = "<group>";
		};
		68BE63C01B3F2CBA003B8930 /* RestaurantBillTests */ = {
			isa = PBXGroup;
			children = (
				68BE63C31B3F2CBA003B8930 /* RestaurantBillTests.swift */,
				68BE63C11B3F2CBA003B8930 /* Supporting Files */,
			);
			path = RestaurantBillTests;
			sourceTree = "<group>";
		};
		68BE63C11B3F2CBA003B8930 /* Supporting Files */ = {
			isa = PBXGroup;
			children = (
				68BE63C21B3F2CBA003B8930 /* Info.plist */,
			);
			name = "Supporting Files";
			sourceTree = "<group>";
		};
/* End PBXGroup section */

/* Begin PBXNativeTarget section */
		68BE63A71B3F2CBA003B8930 /* RestaurantBill */ = {
			isa = PBXNativeTarget;
			buildConfigurationList = 68BE63C71B3F2CBA003B8930 /* Build configuration list for PBXNativeTarget "RestaurantBill" */;
			buildPhases = (
				68BE63A41B3F2CBA003B8930 /* Sources */,
				68BE63A51B3F2CBA003B8930 /* Frameworks */,
				68BE63A61B3F2CBA003B8930 /* Resources */,
			);
			buildRules = (
			);
			dependencies = (
			);
			name = RestaurantBill;
			productName = RestaurantBill;
			productReference = 68BE63A81B3F2CBA003B8930 /* RestaurantBill.app */;
			productType = "com.apple.product-type.application";
		};
		68BE63BC1B3F2CBA003B8930 /* RestaurantBillTests */ = {
			isa = PBXNativeTarget;
			buildConfigurationList = 68BE63CA1B3F2CBA003B8930 /* Build configuration list for PBXNativeTarget "RestaurantBillTests" */;
			buildPhases = (
				68BE63B91B3F2CBA003B8930 /* Sources */,
				68BE63BA1B3F2CBA003B8930 /* Frameworks */,
				68BE63BB1B3F2CBA003B8930 /* Resources */,
			);
			buildRules = (
			);
			dependencies = (
				68BE63BF1B3F2CBA003B8930 /* PBXTargetDependency */,
			);
			name = RestaurantBillTests;
			productName = RestaurantBillTests;
			productReference = 68BE63BD1B3F2CBA003B8930 /* RestaurantBillTests.xctest */;
			productType = "com.apple.product-type.bundle.unit-test";
		};
/* End PBXNativeTarget section */

/* Begin PBXProject section */
		68BE63A01B3F2CBA003B8930 /* Project object */ = {
			isa = PBXProject;
			attributes = {
				LastUpgradeCheck = 0630;
				ORGANIZATIONNAME = "Yang Chen";
				TargetAttributes = {
					68BE63A71B3F2CBA003B8930 = {
						CreatedOnToolsVersion = 6.3.2;
					};
					68BE63BC1B3F2CBA003B8930 = {
						CreatedOnToolsVersion = 6.3.2;
						TestTargetID = 68BE63A71B3F2CBA003B8930;
					};
				};
			};
			buildConfigurationList = 68BE63A31B3F2CBA003B8930 /* Build configuration list for PBXProject "RestaurantBill" */;
			compatibilityVersion = "Xcode 3.2";
			developmentRegion = English;
			hasScannedForEncodings = 0;
			knownRegions = (
				en,
				Base,
			);
			mainGroup = 68BE639F1B3F2CBA003B8930;
			productRefGroup = 68BE63A91B3F2CBA003B8930 /* Products */;
			projectDirPath = "";
			projectRoot = "";
			targets = (
				68BE63A71B3F2CBA003B8930 /* RestaurantBill */,
				68BE63BC1B3F2CBA003B8930 /* RestaurantBillTests */,
			);
		};
/* End PBXProject section */

/* Begin PBXResourcesBuildPhase section */
		68BE63A61B3F2CBA003B8930 /* Resources */ = {
			isa = PBXResourcesBuildPhase;
			buildActionMask = 2147483647;
			files = (
				68BE63B31B3F2CBA003B8930 /* Main.storyboard in Resources */,
				68BE63B81B3F2CBA003B8930 /* LaunchScreen.xib in Resources */,
				68BE63B51B3F2CBA003B8930 /* Images.xcassets in Resources */,
			);
			runOnlyForDeploymentPostprocessing = 0;
		};
		68BE63BB1B3F2CBA003B8930 /* Resources */ = {
			isa = PBXResourcesBuildPhase;
			buildActionMask = 2147483647;
			files = (
			);
			runOnlyForDeploymentPostprocessing = 0;
		};
/* End PBXResourcesBuildPhase section */

/* Begin PBXSourcesBuildPhase section */
		68BE63A41B3F2CBA003B8930 /* Sources */ = {
			isa = PBXSourcesBuildPhase;
			buildActionMask = 2147483647;
			files = (
				68BE63B01B3F2CBA003B8930 /* ViewController.swift in Sources */,
				68BE63CE1B404196003B8930 /* Bill.swift in Sources */,
				68BE63AE1B3F2CBA003B8930 /* AppDelegate.swift in Sources */,
			);
			runOnlyForDeploymentPostprocessing = 0;
		};
		68BE63B91B3F2CBA003B8930 /* Sources */ = {
			isa = PBXSourcesBuildPhase;
			buildActionMask = 2147483647;
			files = (
				68BE63C41B3F2CBA003B8930 /* RestaurantBillTests.swift in Sources */,
			);
			runOnlyForDeploymentPostprocessing = 0;
		};
/* End PBXSourcesBuildPhase section */

/* Begin PBXTargetDependency section */
		68BE63BF1B3F2CBA003B8930 /* PBXTargetDependency */ = {
			isa = PBXTargetDependency;
			target = 68BE63A71B3F2CBA003B8930 /* RestaurantBill */;
			targetProxy = 68BE63BE1B3F2CBA003B8930 /* PBXContainerItemProxy */;
		};
/* End PBXTargetDependency section */

/* Begin PBXVariantGroup section */
		68BE63B11B3F2CBA003B8930 /* Main.storyboard */ = {
			isa = PBXVariantGroup;
			children = (
				68BE63B21B3F2CBA003B8930 /* Base */,
			);
			name = Main.storyboard;
			sourceTree = "<group>";
		};
		68BE63B61B3F2CBA003B8930 /* LaunchScreen.xib */ = {
			isa = PBXVariantGroup;
			children = (
				68BE63B71B3F2CBA003B8930 /* Base */,
			);
			name = LaunchScreen.xib;
			sourceTree = "<group>";
		};
/* End PBXVariantGroup section */

/* Begin XCBuildConfiguration section */
		68BE63C51B3F2CBA003B8930 /* Debug */ = {
			isa = XCBuildConfiguration;
			buildSettings = {
				ALWAYS_SEARCH_USER_PATHS = NO;
				CLANG_CXX_LANGUAGE_STANDARD = "gnu++0x";
				CLANG_CXX_LIBRARY = "libc++";
				CLANG_ENABLE_MODULES = YES;
				CLANG_ENABLE_OBJC_ARC = YES;
				CLANG_WARN_BOOL_CONVERSION = YES;
				CLANG_WARN_CONSTANT_CONVERSION = YES;
				CLANG_WARN_DIRECT_OBJC_ISA_USAGE = YES_ERROR;
				CLANG_WARN_EMPTY_BODY = YES;
				CLANG_WARN_ENUM_CONVERSION = YES;
				CLANG_WARN_INT_CONVERSION = YES;
				CLANG_WARN_OBJC_ROOT_CLASS = YES_ERROR;
				CLANG_WARN_UNREACHABLE_CODE = YES;
				CLANG_WARN__DUPLICATE_METHOD_MATCH = YES;
				"CODE_SIGN_IDENTITY[sdk=iphoneos*]" = "iPhone Developer";
				COPY_PHASE_STRIP = NO;
				DEBUG_INFORMATION_FORMAT = "dwarf-with-dsym";
				ENABLE_STRICT_OBJC_MSGSEND = YES;
				GCC_C_LANGUAGE_STANDARD = gnu99;
				GCC_DYNAMIC_NO_PIC = NO;
				GCC_NO_COMMON_BLOCKS = YES;
				GCC_OPTIMIZATION_LEVEL = 0;
				GCC_PREPROCESSOR_DEFINITIONS = (
					"DEBUG=1",
					"$(inherited)",
				);
				GCC_SYMBOLS_PRIVATE_EXTERN = NO;
				GCC_WARN_64_TO_32_BIT_CONVERSION = YES;
				GCC_WARN_ABOUT_RETURN_TYPE = YES_ERROR;
				GCC_WARN_UNDECLARED_SELECTOR = YES;
				GCC_WARN_UNINITIALIZED_AUTOS = YES_AGGRESSIVE;
				GCC_WARN_UNUSED_FUNCTION = YES;
				GCC_WARN_UNUSED_VARIABLE = YES;
				IPHONEOS_DEPLOYMENT_TARGET = 8.3;
				MTL_ENABLE_DEBUG_INFO = YES;
				ONLY_ACTIVE_ARCH = YES;
				SDKROOT = iphoneos;
				SWIFT_OPTIMIZATION_LEVEL = "-Onone";
			};
			name = Debug;
		};
		68BE63C61B3F2CBA003B8930 /* Release */ = {
			isa = XCBuildConfiguration;
			buildSettings = {
				ALWAYS_SEARCH_USER_PATHS = NO;
				CLANG_CXX_LANGUAGE_STANDARD = "gnu++0x";
				CLANG_CXX_LIBRARY = "libc++";
				CLANG_ENABLE_MODULES = YES;
				CLANG_ENABLE_OBJC_ARC = YES;
				CLANG_WARN_BOOL_CONVERSION = YES;
				CLANG_WARN_CONSTANT_CONVERSION = YES;
				CLANG_WARN_DIRECT_OBJC_ISA_USAGE = YES_ERROR;
				CLANG_WARN_EMPTY_BODY = YES;
				CLANG_WARN_ENUM_CONVERSION = YES;
				CLANG_WARN_INT_CONVERSION = YES;
				CLANG_WARN_OBJC_ROOT_CLASS = YES_ERROR;
				CLANG_WARN_UNREACHABLE_CODE = YES;
				CLANG_WARN__DUPLICATE_METHOD_MATCH = YES;
				"CODE_SIGN_IDENTITY[sdk=iphoneos*]" = "iPhone Developer";
				COPY_PHASE_STRIP = NO;
				DEBUG_INFORMATION_FORMAT = "dwarf-with-dsym";
				ENABLE_NS_ASSERTIONS = NO;
				ENABLE_STRICT_OBJC_MSGSEND = YES;
				GCC_C_LANGUAGE_STANDARD = gnu99;
				GCC_NO_COMMON_BLOCKS = YES;
				GCC_WARN_64_TO_32_BIT_CONVERSION = YES;
				GCC_WARN_ABOUT_RETURN_TYPE = YES_ERROR;
				GCC_WARN_UNDECLARED_SELECTOR = YES;
				GCC_WARN_UNINITIALIZED_AUTOS = YES_AGGRESSIVE;
				GCC_WARN_UNUSED_FUNCTION = YES;
				GCC_WARN_UNUSED_VARIABLE = YES;
				IPHONEOS_DEPLOYMENT_TARGET = 8.3;
				MTL_ENABLE_DEBUG_INFO = NO;
				SDKROOT = iphoneos;
				VALIDATE_PRODUCT = YES;
			};
			name = Release;
		};
		68BE63C81B3F2CBA003B8930 /* Debug */ = {
			isa = XCBuildConfiguration;
			buildSettings = {
				ASSETCATALOG_COMPILER_APPICON_NAME = AppIcon;
				INFOPLIST_FILE = RestaurantBill/Info.plist;
				LD_RUNPATH_SEARCH_PATHS = "$(inherited) @executable_path/Frameworks";
				PRODUCT_NAME = "$(TARGET_NAME)";
			};
			name = Debug;
		};
		68BE63C91B3F2CBA003B8930 /* Release */ = {
			isa = XCBuildConfiguration;
			buildSettings = {
				ASSETCATALOG_COMPILER_APPICON_NAME = AppIcon;
				INFOPLIST_FILE = RestaurantBill/Info.plist;
				LD_RUNPATH_SEARCH_PATHS = "$(inherited) @executable_path/Frameworks";
				PRODUCT_NAME = "$(TARGET_NAME)";
			};
			name = Release;
		};
		68BE63CB1B3F2CBA003B8930 /* Debug */ = {
			isa = XCBuildConfiguration;
			buildSettings = {
				BUNDLE_LOADER = "$(TEST_HOST)";
				FRAMEWORK_SEARCH_PATHS = (
					"$(SDKROOT)/Developer/Library/Frameworks",
					"$(inherited)",
				);
				GCC_PREPROCESSOR_DEFINITIONS = (
					"DEBUG=1",
					"$(inherited)",
				);
				INFOPLIST_FILE = RestaurantBillTests/Info.plist;
				LD_RUNPATH_SEARCH_PATHS = "$(inherited) @executable_path/Frameworks @loader_path/Frameworks";
				PRODUCT_NAME = "$(TARGET_NAME)";
				TEST_HOST = "$(BUILT_PRODUCTS_DIR)/RestaurantBill.app/RestaurantBill";
			};
			name = Debug;
		};
		68BE63CC1B3F2CBA003B8930 /* Release */ = {
			isa = XCBuildConfiguration;
			buildSettings = {
				BUNDLE_LOADER = "$(TEST_HOST)";
				FRAMEWORK_SEARCH_PATHS = (
					"$(SDKROOT)/Developer/Library/Frameworks",
					"$(inherited)",
				);
				INFOPLIST_FILE = RestaurantBillTests/Info.plist;
				LD_RUNPATH_SEARCH_PATHS = "$(inherited) @executable_path/Frameworks @loader_path/Frameworks";
				PRODUCT_NAME = "$(TARGET_NAME)";
				TEST_HOST = "$(BUILT_PRODUCTS_DIR)/RestaurantBill.app/RestaurantBill";
			};
			name = Release;
		};
/* End XCBuildConfiguration section */

/* Begin XCConfigurationList section */
		68BE63A31B3F2CBA003B8930 /* Build configuration list for PBXProject "RestaurantBill" */ = {
			isa = XCConfigurationList;
			buildConfigurations = (
				68BE63C51B3F2CBA003B8930 /* Debug */,
				68BE63C61B3F2CBA003B8930 /* Release */,
			);
			defaultConfigurationIsVisible = 0;
			defaultConfigurationName = Release;
		};
		68BE63C71B3F2CBA003B8930 /* Build configuration list for PBXNativeTarget "RestaurantBill" */ = {
			isa = XCConfigurationList;
			buildConfigurations = (
				68BE63C81B3F2CBA003B8930 /* Debug */,
				68BE63C91B3F2CBA003B8930 /* Release */,
			);
			defaultConfigurationIsVisible = 0;
			defaultConfigurationName = Release;
		};
		68BE63CA1B3F2CBA003B8930 /* Build configuration list for PBXNativeTarget "RestaurantBillTests" */ = {
			isa = XCConfigurationList;
			buildConfigurations = (
				68BE63CB1B3F2CBA003B8930 /* Debug */,
				68BE63CC1B3F2CBA003B8930 /* Release */,
			);
			defaultConfigurationIsVisible = 0;
			defaultConfigurationName = Release;
		};
/* End XCConfigurationList section */
	};
	rootObject = 68BE63A01B3F2CBA003B8930 /* Project object */;
}
